
Microsoft Visual Studio Solution File, Format Version 12.00
# Visual Studio 2013
VisualStudioVersion = 12.0.40629.0
MinimumVisualStudioVersion = 10.0.40219.1
Project("{FAE04EC0-301F-11D3-BF4B-00C04F79EFBC}") = "PropertyWebManager", "PropertyWebManager\PropertyWebManager.csproj", "{F00F91D1-D32E-4FCA-86EA-41BEB22A4A0D}"
EndProject
Project("{FAE04EC0-301F-11D3-BF4B-00C04F79EFBC}") = "PropertyWebManager.Tests", "PropertyWebManager.Tests\PropertyWebManager.Tests.csproj", "{A011E9D6-374C-4E0B-8396-04C19DE47813}"
EndProject
Global
	GlobalSection(SolutionConfigurationPlatforms) = preSolution
		Debug|Any CPU = Debug|Any CPU
		Release|Any CPU = Release|Any CPU
	EndGlobalSection
	GlobalSection(ProjectConfigurationPlatforms) = postSolution
		{F00F91D1-D32E-4FCA-86EA-41BEB22A4A0D}.Debug|Any CPU.ActiveCfg = Debug|Any CPU
		{F00F91D1-D32E-4FCA-86EA-41BEB22A4A0D}.Debug|Any CPU.Build.0 = Debug|Any CPU
		{F00F91D1-D32E-4FCA-86EA-41BEB22A4A0D}.Release|Any CPU.ActiveCfg = Release|Any CPU
		{F00F91D1-D32E-4FCA-86EA-41BEB22A4A0D}.Release|Any CPU.Build.0 = Release|Any CPU
		{A011E9D6-374C-4E0B-8396-04C19DE47813}.Debug|Any CPU.ActiveCfg = Debug|Any CPU
		{A011E9D6-374C-4E0B-8396-04C19DE47813}.Debug|Any CPU.Build.0 = Debug|Any CPU
		{A011E9D6-374C-4E0B-8396-04C19DE47813}.Release|Any CPU.ActiveCfg = Release|Any CPU
		{A011E9D6-374C-4E0B-8396-04C19DE47813}.Release|Any CPU.Build.0 = Release|Any CPU
	EndGlobalSection
	GlobalSection(SolutionProperties) = preSolution
		HideSolutionNode = FALSE
	EndGlobalSection
EndGlobal
