
Microsoft Visual Studio Solution File, Format Version 12.00
# Visual Studio 2013
VisualStudioVersion = 12.0.40629.0
MinimumVisualStudioVersion = 10.0.40219.1
Project("{FAE04EC0-301F-11D3-BF4B-00C04F79EFBC}") = "Nieruchomosci", "Nieruchomosci\Nieruchomosci.csproj", "{57426B91-EB3A-46D5-B918-499BE0E0FB23}"
EndProject
Project("{FAE04EC0-301F-11D3-BF4B-00C04F79EFBC}") = "ProjektTestowy", "ProjektTestowy\ProjektTestowy.csproj", "{32FB0048-09EA-4455-A0B5-31E4DCDCE81E}"
EndProject
Global
	GlobalSection(SolutionConfigurationPlatforms) = preSolution
		Debug|Any CPU = Debug|Any CPU
		Release|Any CPU = Release|Any CPU
	EndGlobalSection
	GlobalSection(ProjectConfigurationPlatforms) = postSolution
		{57426B91-EB3A-46D5-B918-499BE0E0FB23}.Debug|Any CPU.ActiveCfg = Debug|Any CPU
		{57426B91-EB3A-46D5-B918-499BE0E0FB23}.Debug|Any CPU.Build.0 = Debug|Any CPU
		{57426B91-EB3A-46D5-B918-499BE0E0FB23}.Release|Any CPU.ActiveCfg = Release|Any CPU
		{57426B91-EB3A-46D5-B918-499BE0E0FB23}.Release|Any CPU.Build.0 = Release|Any CPU
		{32FB0048-09EA-4455-A0B5-31E4DCDCE81E}.Debug|Any CPU.ActiveCfg = Debug|Any CPU
		{32FB0048-09EA-4455-A0B5-31E4DCDCE81E}.Debug|Any CPU.Build.0 = Debug|Any CPU
		{32FB0048-09EA-4455-A0B5-31E4DCDCE81E}.Release|Any CPU.ActiveCfg = Release|Any CPU
		{32FB0048-09EA-4455-A0B5-31E4DCDCE81E}.Release|Any CPU.Build.0 = Release|Any CPU
	EndGlobalSection
	GlobalSection(SolutionProperties) = preSolution
		HideSolutionNode = FALSE
	EndGlobalSection
EndGlobal
